
Microsoft Visual Studio Solution File, Format Version 12.00
# Visual Studio 15
VisualStudioVersion = 15.0.28010.2026
MinimumVisualStudioVersion = 10.0.40219.1
Project("{9A19103F-16F7-4668-BE54-9A1E7A4F7556}") = "FaceImage.Api", "FaceImage.Api\FaceImage.Api.csproj", "{55020F33-C8E9-4853-84B7-EE7A3CEA9CD3}"
EndProject
Project("{FAE04EC0-301F-11D3-BF4B-00C04F79EFBC}") = "FaceImage.DataAccess", "FaceImage.DataAccess\FaceImage.DataAccess.csproj", "{34DBD439-4E07-4E63-945A-431D5443E3EA}"
EndProject
Project("{FAE04EC0-301F-11D3-BF4B-00C04F79EFBC}") = "FaceImage.Entities", "FaceImage.Entities\FaceImage.Entities.csproj", "{243C90FA-BB42-4F2A-BD52-9343D234B9F2}"
EndProject
Global
	GlobalSection(SolutionConfigurationPlatforms) = preSolution
		Debug|Any CPU = Debug|Any CPU
		Release|Any CPU = Release|Any CPU
	EndGlobalSection
	GlobalSection(ProjectConfigurationPlatforms) = postSolution
		{55020F33-C8E9-4853-84B7-EE7A3CEA9CD3}.Debug|Any CPU.ActiveCfg = Debug|Any CPU
		{55020F33-C8E9-4853-84B7-EE7A3CEA9CD3}.Debug|Any CPU.Build.0 = Debug|Any CPU
		{55020F33-C8E9-4853-84B7-EE7A3CEA9CD3}.Release|Any CPU.ActiveCfg = Release|Any CPU
		{55020F33-C8E9-4853-84B7-EE7A3CEA9CD3}.Release|Any CPU.Build.0 = Release|Any CPU
		{34DBD439-4E07-4E63-945A-431D5443E3EA}.Debug|Any CPU.ActiveCfg = Debug|Any CPU
		{34DBD439-4E07-4E63-945A-431D5443E3EA}.Debug|Any CPU.Build.0 = Debug|Any CPU
		{34DBD439-4E07-4E63-945A-431D5443E3EA}.Release|Any CPU.ActiveCfg = Release|Any CPU
		{34DBD439-4E07-4E63-945A-431D5443E3EA}.Release|Any CPU.Build.0 = Release|Any CPU
		{243C90FA-BB42-4F2A-BD52-9343D234B9F2}.Debug|Any CPU.ActiveCfg = Debug|Any CPU
		{243C90FA-BB42-4F2A-BD52-9343D234B9F2}.Debug|Any CPU.Build.0 = Debug|Any CPU
		{243C90FA-BB42-4F2A-BD52-9343D234B9F2}.Release|Any CPU.ActiveCfg = Release|Any CPU
		{243C90FA-BB42-4F2A-BD52-9343D234B9F2}.Release|Any CPU.Build.0 = Release|Any CPU
	EndGlobalSection
	GlobalSection(SolutionProperties) = preSolution
		HideSolutionNode = FALSE
	EndGlobalSection
	GlobalSection(ExtensibilityGlobals) = postSolution
		SolutionGuid = {21FE83B3-E94A-4EB6-B441-67D2970BDA71}
	EndGlobalSection
EndGlobal
